
Microsoft Visual Studio Solution File, Format Version 12.00
# Visual Studio 15
VisualStudioVersion = 15.0.28010.2026
MinimumVisualStudioVersion = 10.0.40219.1
Project("{FAE04EC0-301F-11D3-BF4B-00C04F79EFBC}") = "01.FizzBuzz", "01.FizzBuzz\01.FizzBuzz.csproj", "{E9895D56-9FAB-4B32-A52F-DDC48BF89341}"
EndProject
Project("{FAE04EC0-301F-11D3-BF4B-00C04F79EFBC}") = "02.Braces", "02.Braces\02.Braces.csproj", "{38B9C0C7-9C3C-4802-98F9-61690522D2E4}"
EndProject
Project("{FAE04EC0-301F-11D3-BF4B-00C04F79EFBC}") = "03.Movies", "03.Movies\03.Movies.csproj", "{258EFDF8-5D34-47DD-8D27-E732503BE585}"
EndProject
Project("{FAE04EC0-301F-11D3-BF4B-00C04F79EFBC}") = "04.Music", "04.Music\04.Music.csproj", "{B6B1A648-1302-4603-B6C2-AC926856AE83}"
EndProject
Global
	GlobalSection(SolutionConfigurationPlatforms) = preSolution
		Debug|Any CPU = Debug|Any CPU
		Release|Any CPU = Release|Any CPU
	EndGlobalSection
	GlobalSection(ProjectConfigurationPlatforms) = postSolution
		{E9895D56-9FAB-4B32-A52F-DDC48BF89341}.Debug|Any CPU.ActiveCfg = Debug|Any CPU
		{E9895D56-9FAB-4B32-A52F-DDC48BF89341}.Debug|Any CPU.Build.0 = Debug|Any CPU
		{E9895D56-9FAB-4B32-A52F-DDC48BF89341}.Release|Any CPU.ActiveCfg = Release|Any CPU
		{E9895D56-9FAB-4B32-A52F-DDC48BF89341}.Release|Any CPU.Build.0 = Release|Any CPU
		{38B9C0C7-9C3C-4802-98F9-61690522D2E4}.Debug|Any CPU.ActiveCfg = Debug|Any CPU
		{38B9C0C7-9C3C-4802-98F9-61690522D2E4}.Debug|Any CPU.Build.0 = Debug|Any CPU
		{38B9C0C7-9C3C-4802-98F9-61690522D2E4}.Release|Any CPU.ActiveCfg = Release|Any CPU
		{38B9C0C7-9C3C-4802-98F9-61690522D2E4}.Release|Any CPU.Build.0 = Release|Any CPU
		{258EFDF8-5D34-47DD-8D27-E732503BE585}.Debug|Any CPU.ActiveCfg = Debug|Any CPU
		{258EFDF8-5D34-47DD-8D27-E732503BE585}.Debug|Any CPU.Build.0 = Debug|Any CPU
		{258EFDF8-5D34-47DD-8D27-E732503BE585}.Release|Any CPU.ActiveCfg = Release|Any CPU
		{258EFDF8-5D34-47DD-8D27-E732503BE585}.Release|Any CPU.Build.0 = Release|Any CPU
		{B6B1A648-1302-4603-B6C2-AC926856AE83}.Debug|Any CPU.ActiveCfg = Debug|Any CPU
		{B6B1A648-1302-4603-B6C2-AC926856AE83}.Debug|Any CPU.Build.0 = Debug|Any CPU
		{B6B1A648-1302-4603-B6C2-AC926856AE83}.Release|Any CPU.ActiveCfg = Release|Any CPU
		{B6B1A648-1302-4603-B6C2-AC926856AE83}.Release|Any CPU.Build.0 = Release|Any CPU
	EndGlobalSection
	GlobalSection(SolutionProperties) = preSolution
		HideSolutionNode = FALSE
	EndGlobalSection
	GlobalSection(ExtensibilityGlobals) = postSolution
		SolutionGuid = {855ED00D-23DE-4F47-8669-26DB993DC8FD}
	EndGlobalSection
EndGlobal
